
Microsoft Visual Studio Solution File, Format Version 12.00
# Visual Studio Version 16
VisualStudioVersion = 16.0.30128.74
MinimumVisualStudioVersion = 10.0.40219.1
Project("{FAE04EC0-301F-11D3-BF4B-00C04F79EFBC}") = "Pharmacy MS", "Pharmacy MS\Pharmacy MS.csproj", "{85EDC7DF-CF84-47DC-9FA6-07C7AB355423}"
EndProject
Global
	GlobalSection(SolutionConfigurationPlatforms) = preSolution
		Debug|Any CPU = Debug|Any CPU
		Release|Any CPU = Release|Any CPU
	EndGlobalSection
	GlobalSection(ProjectConfigurationPlatforms) = postSolution
		{85EDC7DF-CF84-47DC-9FA6-07C7AB355423}.Debug|Any CPU.ActiveCfg = Debug|Any CPU
		{85EDC7DF-CF84-47DC-9FA6-07C7AB355423}.Debug|Any CPU.Build.0 = Debug|Any CPU
		{85EDC7DF-CF84-47DC-9FA6-07C7AB355423}.Release|Any CPU.ActiveCfg = Release|Any CPU
		{85EDC7DF-CF84-47DC-9FA6-07C7AB355423}.Release|Any CPU.Build.0 = Release|Any CPU
	EndGlobalSection
	GlobalSection(SolutionProperties) = preSolution
		HideSolutionNode = FALSE
	EndGlobalSection
	GlobalSection(ExtensibilityGlobals) = postSolution
		SolutionGuid = {B7AC34C4-8A16-4EF8-91DA-A4DC8AAAE2EB}
	EndGlobalSection
EndGlobal
