
Microsoft Visual Studio Solution File, Format Version 12.00
# Visual Studio Version 16
VisualStudioVersion = 16.0.30128.74
MinimumVisualStudioVersion = 10.0.40219.1
Project("{FAE04EC0-301F-11D3-BF4B-00C04F79EFBC}") = "ProblemShapes", "ProblemShapes\ProblemShapes.csproj", "{3AFE00AB-B922-473C-8891-AB8B9A93E72C}"
EndProject
Global
	GlobalSection(SolutionConfigurationPlatforms) = preSolution
		Debug|Any CPU = Debug|Any CPU
		Release|Any CPU = Release|Any CPU
	EndGlobalSection
	GlobalSection(ProjectConfigurationPlatforms) = postSolution
		{3AFE00AB-B922-473C-8891-AB8B9A93E72C}.Debug|Any CPU.ActiveCfg = Debug|Any CPU
		{3AFE00AB-B922-473C-8891-AB8B9A93E72C}.Debug|Any CPU.Build.0 = Debug|Any CPU
		{3AFE00AB-B922-473C-8891-AB8B9A93E72C}.Release|Any CPU.ActiveCfg = Release|Any CPU
		{3AFE00AB-B922-473C-8891-AB8B9A93E72C}.Release|Any CPU.Build.0 = Release|Any CPU
	EndGlobalSection
	GlobalSection(SolutionProperties) = preSolution
		HideSolutionNode = FALSE
	EndGlobalSection
	GlobalSection(ExtensibilityGlobals) = postSolution
		SolutionGuid = {313CCE6A-8363-4AF0-89D2-F76892A4743A}
	EndGlobalSection
EndGlobal
