
Microsoft Visual Studio Solution File, Format Version 12.00
# Visual Studio Version 16
VisualStudioVersion = 16.0.30128.74
MinimumVisualStudioVersion = 10.0.40219.1
Project("{FAE04EC0-301F-11D3-BF4B-00C04F79EFBC}") = "Type", "Type\Type.csproj", "{D75D7556-CD67-41B8-928D-EDCDF0EAFB78}"
EndProject
Global
	GlobalSection(SolutionConfigurationPlatforms) = preSolution
		Debug|Any CPU = Debug|Any CPU
		Release|Any CPU = Release|Any CPU
	EndGlobalSection
	GlobalSection(ProjectConfigurationPlatforms) = postSolution
		{D75D7556-CD67-41B8-928D-EDCDF0EAFB78}.Debug|Any CPU.ActiveCfg = Debug|Any CPU
		{D75D7556-CD67-41B8-928D-EDCDF0EAFB78}.Debug|Any CPU.Build.0 = Debug|Any CPU
		{D75D7556-CD67-41B8-928D-EDCDF0EAFB78}.Release|Any CPU.ActiveCfg = Release|Any CPU
		{D75D7556-CD67-41B8-928D-EDCDF0EAFB78}.Release|Any CPU.Build.0 = Release|Any CPU
	EndGlobalSection
	GlobalSection(SolutionProperties) = preSolution
		HideSolutionNode = FALSE
	EndGlobalSection
	GlobalSection(ExtensibilityGlobals) = postSolution
		SolutionGuid = {0C145CE6-B265-4387-B87E-3453254ACE4B}
	EndGlobalSection
EndGlobal
